# This file is generated by running "yarn install" inside your project.
# Manual changes might be lost - proceed with caution!

__metadata:
  version: 8
  cacheKey: 10c0

"@vue/devtools-api@npm:^7.7.7":
  version: 7.7.9
  resolution: "@vue/devtools-api@npm:7.7.9"
  dependencies:
    "@vue/devtools-kit": "npm:^7.7.9"
  checksum: 10c0/ca09265a88dcacbb51d13bd92a019fc14cc520b1704e0c7ea0b14ecbd0cfadeabeacfb3c94e69cdf5d038ba24bb4c2ab9abe8721a22efcd148e20b0611bd2298
  languageName: node
  linkType: hard

"@vue/devtools-kit@npm:^7.7.9":
  version: 7.7.9
  resolution: "@vue/devtools-kit@npm:7.7.9"
  dependencies:
    "@vue/devtools-shared": "npm:^7.7.9"
    birpc: "npm:^2.3.0"
    hookable: "npm:^5.5.3"
    mitt: "npm:^3.0.1"
    perfect-debounce: "npm:^1.0.0"
    speakingurl: "npm:^14.0.1"
    superjson: "npm:^2.2.2"
  checksum: 10c0/e6d488b18c379dbcffbbec0ea32383ea65a9d8445ad0616bc6c3f51e1a63d5971bc88bc7b074686d22f362516c388dbd0e07f3ced2e8ed8057cb5cc12a83eef1
  languageName: node
  linkType: hard

"@vue/devtools-shared@npm:^7.7.9":
  version: 7.7.9
  resolution: "@vue/devtools-shared@npm:7.7.9"
  dependencies:
    rfdc: "npm:^1.4.1"
  checksum: 10c0/f012f71689d453424d458b8dabf3f7fb92aa0ef03142f28270a8bc633a8605c3b80a1d96bd6011112c073025b301a3ca2121feb9966ad293d8c9d3a00a66ddeb
  languageName: node
  linkType: hard

"Land@workspace:.":
  version: 0.0.0-use.local
  resolution: "Land@workspace:."
  dependencies:
    pinia: "npm:^3.0.4"
  languageName: unknown
  linkType: soft

"birpc@npm:^2.3.0":
  version: 2.9.0
  resolution: "birpc@npm:2.9.0"
  checksum: 10c0/2462d0d67061f95bae213b0b9b323a6643ff749f7457a25242897c99e31355f1bd522c17f83ecf57506351e3e28b4e38c12a39b8beddee2dd0cbf78f9b9876ce
  languageName: node
  linkType: hard

"copy-anything@npm:^4":
  version: 4.0.5
  resolution: "copy-anything@npm:4.0.5"
  dependencies:
    is-what: "npm:^5.2.0"
  checksum: 10c0/d0a4a4102334399dae8504a2c2e13f45ad05746a9fd5cc0df349a554e3749a05e8a6d62b3724a8049cd59fc0bbbf4f54c4edc94a428edc76211dffe3ac0af586
  languageName: node
  linkType: hard

"hookable@npm:^5.5.3":
  version: 5.5.3
  resolution: "hookable@npm:5.5.3"
  checksum: 10c0/275f4cc84d27f8d48c5a5cd5685b6c0fea9291be9deea5bff0cfa72856ed566abde1dcd8cb1da0f9a70b4da3d7ec0d60dc3554c4edbba647058cc38816eced3d
  languageName: node
  linkType: hard

"is-what@npm:^5.2.0":
  version: 5.5.0
  resolution: "is-what@npm:5.5.0"
  checksum: 10c0/065c8a4ac651988a495cc0211c2754c198788383c9fe1bbfdf6d237c423114a0c5f2fc3e26ad7ea43a63cd4169f4503f584305acbac91706d5308cc14dedd1bd
  languageName: node
  linkType: hard

"mitt@npm:^3.0.1":
  version: 3.0.1
  resolution: "mitt@npm:3.0.1"
  checksum: 10c0/3ab4fdecf3be8c5255536faa07064d05caa3dd332bd318ff02e04621f7b3069ca1de9106cfe8e7ced675abfc2bec2ce4c4ef321c4a1bb1fb29df8ae090741913
  languageName: node
  linkType: hard

"perfect-debounce@npm:^1.0.0":
  version: 1.0.0
  resolution: "perfect-debounce@npm:1.0.0"
  checksum: 10c0/e2baac416cae046ef1b270812cf9ccfb0f91c04ea36ac7f5b00bc84cb7f41bdbba087c0ab21b4e02a7ef3a1f1f6db399f137cecec46868bd7d8d88c2a9ee431f
  languageName: node
  linkType: hard

"pinia@npm:^3.0.4":
  version: 3.0.4
  resolution: "pinia@npm:3.0.4"
  dependencies:
    "@vue/devtools-api": "npm:^7.7.7"
  peerDependencies:
    typescript: ">=4.5.0"
    vue: ^3.5.11
  peerDependenciesMeta:
    typescript:
      optional: true
  checksum: 10c0/4123efbf28c6d11f3dd052dbcf08da7ef85747fd3499807b9ca1d32dcda7807b2e68f9a7e31a06148b05093a9ebcd0c3b26e6a31b62775c6421429bd03265949
  languageName: node
  linkType: hard

"rfdc@npm:^1.4.1":
  version: 1.4.1
  resolution: "rfdc@npm:1.4.1"
  checksum: 10c0/4614e4292356cafade0b6031527eea9bc90f2372a22c012313be1dcc69a3b90c7338158b414539be863fa95bfcb2ddcd0587be696841af4e6679d85e62c060c7
  languageName: node
  linkType: hard

"speakingurl@npm:^14.0.1":
  version: 14.0.1
  resolution: "speakingurl@npm:14.0.1"
  checksum: 10c0/1de1d1b938a7c4d9e79593ff7a26d312ec04a7c3234ca40b7f9b8106daf74ea9d2110a077f5db97ecf3762b83069e3ccbf9694431b51d4fcfd863f0b3333c342
  languageName: node
  linkType: hard

"superjson@npm:^2.2.2":
  version: 2.2.6
  resolution: "superjson@npm:2.2.6"
  dependencies:
    copy-anything: "npm:^4"
  checksum: 10c0/b63587656cc27effd12c9e13a66da673a7a1b3e1af41f17820fd37f07a4f29503e1f58eae6bd229039331b475e1be6990336fa887654e6adc80684ae4eed7965
  languageName: node
  linkType: hard
